
Microsoft Visual Studio Solution File, Format Version 12.00
# Visual Studio Version 16
VisualStudioVersion = 16.0.31313.79
MinimumVisualStudioVersion = 10.0.40219.1
Project("{FAE04EC0-301F-11D3-BF4B-00C04F79EFBC}") = "Convert", "Convert\Convert.csproj", "{D239F3D4-47C5-4F0C-87F2-A51201EF7DB1}"
EndProject
Project("{FAE04EC0-301F-11D3-BF4B-00C04F79EFBC}") = "Convert.Test", "Convert.Test\Convert.Test.csproj", "{68FBA64C-AF33-42E1-BCFD-DFD19E424AA5}"
EndProject
Project("{2150E333-8FDC-42A3-9474-1A3956D46DE8}") = "Solution Items", "Solution Items", "{4F67355D-92DC-44C3-8E67-0BA2B73700CA}"
	ProjectSection(SolutionItems) = preProject
		ReadMe.md = ReadMe.md
	EndProjectSection
EndProject
Project("{FAE04EC0-301F-11D3-BF4B-00C04F79EFBC}") = "Display", "Display\Display.csproj", "{C4B44C33-0790-4A09-A6A6-886FEE710420}"
EndProject
Global
	GlobalSection(SolutionConfigurationPlatforms) = preSolution
		Debug|Any CPU = Debug|Any CPU
		Release|Any CPU = Release|Any CPU
	EndGlobalSection
	GlobalSection(ProjectConfigurationPlatforms) = postSolution
		{D239F3D4-47C5-4F0C-87F2-A51201EF7DB1}.Debug|Any CPU.ActiveCfg = Debug|Any CPU
		{D239F3D4-47C5-4F0C-87F2-A51201EF7DB1}.Debug|Any CPU.Build.0 = Debug|Any CPU
		{D239F3D4-47C5-4F0C-87F2-A51201EF7DB1}.Release|Any CPU.ActiveCfg = Release|Any CPU
		{D239F3D4-47C5-4F0C-87F2-A51201EF7DB1}.Release|Any CPU.Build.0 = Release|Any CPU
		{68FBA64C-AF33-42E1-BCFD-DFD19E424AA5}.Debug|Any CPU.ActiveCfg = Debug|Any CPU
		{68FBA64C-AF33-42E1-BCFD-DFD19E424AA5}.Debug|Any CPU.Build.0 = Debug|Any CPU
		{68FBA64C-AF33-42E1-BCFD-DFD19E424AA5}.Release|Any CPU.ActiveCfg = Release|Any CPU
		{68FBA64C-AF33-42E1-BCFD-DFD19E424AA5}.Release|Any CPU.Build.0 = Release|Any CPU
		{C4B44C33-0790-4A09-A6A6-886FEE710420}.Debug|Any CPU.ActiveCfg = Debug|Any CPU
		{C4B44C33-0790-4A09-A6A6-886FEE710420}.Debug|Any CPU.Build.0 = Debug|Any CPU
		{C4B44C33-0790-4A09-A6A6-886FEE710420}.Release|Any CPU.ActiveCfg = Release|Any CPU
		{C4B44C33-0790-4A09-A6A6-886FEE710420}.Release|Any CPU.Build.0 = Release|Any CPU
	EndGlobalSection
	GlobalSection(SolutionProperties) = preSolution
		HideSolutionNode = FALSE
	EndGlobalSection
	GlobalSection(ExtensibilityGlobals) = postSolution
		SolutionGuid = {BCA7AECB-3603-4421-958E-08B03C955A21}
	EndGlobalSection
EndGlobal
